<?xml version="1.0" encoding="utf-8"?>
<Project ToolsVersion="4.0" xmlns="http://schemas.microsoft.com/developer/msbuild/2003">
  <ItemGroup>
    <ClCompile Include="EnemyBullet.cpp" />
    <ClCompile Include="EnemyFighter.cpp" />
    <ClCompile Include="FriendlyBullet.cpp" />
    <ClCompile Include="Creature.cpp" />
    <ClCompile Include="Entity.cpp" />
    <ClCompile Include="ErrorHandler.cpp" />
    <ClCompile Include="Game.cpp" />
    <ClCompile Include="GameState.cpp" />
    <ClCompile Include="Graphics.cpp" />
    <ClCompile Include="Map.cpp" />
    <ClCompile Include="MenuState.cpp" />
    <ClCompile Include="MusicPlayer.cpp" />
    <ClCompile Include="MyContactListener.cpp" />
    <ClCompile Include="PauseState.cpp" />
    <ClCompile Include="Platform.cpp" />
    <ClCompile Include="PlatformAtom.cpp" />
    <ClCompile Include="Player.cpp" />
    <ClCompile Include="PlayerState.cpp" />
    <ClCompile Include="SceneNode.cpp" />
    <ClCompile Include="Source.cpp" />
    <ClCompile Include="State.cpp" />
    <ClCompile Include="StateStack.cpp" />
    <ClCompile Include="TextureHolder.cpp" />
    <ClCompile Include="TitleState.cpp" />
    <ClCompile Include="NonPhysical.cpp" />
    <ClCompile Include="SoundPlayer.cpp" />
    <ClCompile Include="SoundBufferHolder.cpp" />
    <ClCompile Include="UpgradeState.cpp" />
  </ItemGroup>
  <ItemGroup>
    <ClInclude Include="EnemyBullet.h" />
    <ClInclude Include="EnemyFighter.h" />
    <ClInclude Include="FriendlyBullet.h" />
    <ClInclude Include="Entity.h" />
    <ClInclude Include="ErrorHandler.h" />
    <ClInclude Include="Game.h" />
    <ClInclude Include="GameState.h" />
    <ClInclude Include="Graphics.h" />
    <ClInclude Include="Creature.h" />
    <ClInclude Include="Map.h" />
    <ClInclude Include="MenuState.h" />
    <ClInclude Include="MusicPlayer.h" />
    <ClInclude Include="MyContactListener.h" />
    <ClInclude Include="PauseState.h" />
    <ClInclude Include="Platform.h" />
    <ClInclude Include="PlatformAtom.h" />
    <ClInclude Include="Player.h" />
    <ClInclude Include="PlayerState.h" />
    <ClInclude Include="ResourcesID.h" />
    <ClInclude Include="SceneNode.h" />
    <ClInclude Include="State.h" />
    <ClInclude Include="StateStack.h" />
    <ClInclude Include="TextureHolder.h" />
    <ClInclude Include="TitleState.h" />
    <ClInclude Include="NonPhysical.h" />
    <ClInclude Include="SoundPlayer.h" />
    <ClInclude Include="SoundBufferHolder.h" />
    <ClInclude Include="UpgradeState.h" />
  </ItemGroup>
</Project>